
Microsoft Visual Studio Solution File, Format Version 12.00
# Visual Studio Version 17
VisualStudioVersion = 17.8.34525.116
MinimumVisualStudioVersion = 10.0.40219.1
Project("{FAE04EC0-301F-11D3-BF4B-00C04F79EFBC}") = "ApiElad", "ApiElad\ApiElad.csproj", "{D9FCCFD5-C2DF-4A9C-8415-78C1282A266C}"
EndProject
Global
	GlobalSection(SolutionConfigurationPlatforms) = preSolution
		Debug|Any CPU = Debug|Any CPU
		Release|Any CPU = Release|Any CPU
	EndGlobalSection
	GlobalSection(ProjectConfigurationPlatforms) = postSolution
		{D9FCCFD5-C2DF-4A9C-8415-78C1282A266C}.Debug|Any CPU.ActiveCfg = Debug|Any CPU
		{D9FCCFD5-C2DF-4A9C-8415-78C1282A266C}.Debug|Any CPU.Build.0 = Debug|Any CPU
		{D9FCCFD5-C2DF-4A9C-8415-78C1282A266C}.Release|Any CPU.ActiveCfg = Release|Any CPU
		{D9FCCFD5-C2DF-4A9C-8415-78C1282A266C}.Release|Any CPU.Build.0 = Release|Any CPU
	EndGlobalSection
	GlobalSection(SolutionProperties) = preSolution
		HideSolutionNode = FALSE
	EndGlobalSection
	GlobalSection(ExtensibilityGlobals) = postSolution
		SolutionGuid = {D43F5E5E-8132-4B34-B22E-0969362EEC22}
	EndGlobalSection
EndGlobal
